
Microsoft Visual Studio Solution File, Format Version 12.00
# Visual Studio Version 17
VisualStudioVersion = 17.14.36518.9 d17.14
MinimumVisualStudioVersion = 10.0.40219.1
Project("{8BC9CEB8-8B4A-11D0-8D11-00A0C91BC942}") = "rabbitmqtest", "rabbitmqtest.vcxproj", "{1C4A09C5-6025-4CDE-894B-4D8FDA7D9B7F}"
EndProject
Global
	GlobalSection(SolutionConfigurationPlatforms) = preSolution
		Debug|x64 = Debug|x64
		Debug|x86 = Debug|x86
		Release|x64 = Release|x64
		Release|x86 = Release|x86
	EndGlobalSection
	GlobalSection(ProjectConfigurationPlatforms) = postSolution
		{1C4A09C5-6025-4CDE-894B-4D8FDA7D9B7F}.Debug|x64.ActiveCfg = Debug|x64
		{1C4A09C5-6025-4CDE-894B-4D8FDA7D9B7F}.Debug|x64.Build.0 = Debug|x64
		{1C4A09C5-6025-4CDE-894B-4D8FDA7D9B7F}.Debug|x86.ActiveCfg = Debug|Win32
		{1C4A09C5-6025-4CDE-894B-4D8FDA7D9B7F}.Debug|x86.Build.0 = Debug|Win32
		{1C4A09C5-6025-4CDE-894B-4D8FDA7D9B7F}.Release|x64.ActiveCfg = Release|x64
		{1C4A09C5-6025-4CDE-894B-4D8FDA7D9B7F}.Release|x64.Build.0 = Release|x64
		{1C4A09C5-6025-4CDE-894B-4D8FDA7D9B7F}.Release|x86.ActiveCfg = Release|Win32
		{1C4A09C5-6025-4CDE-894B-4D8FDA7D9B7F}.Release|x86.Build.0 = Release|Win32
	EndGlobalSection
	GlobalSection(SolutionProperties) = preSolution
		HideSolutionNode = FALSE
	EndGlobalSection
	GlobalSection(ExtensibilityGlobals) = postSolution
		SolutionGuid = {F997B509-4E71-42E9-B30A-15E7442E4944}
	EndGlobalSection
EndGlobal
